{
  "version": "5",
  "specifiers": {
    "jsr:@supabase/functions-js@*": "2.116.0"
  },
  "jsr": {
    "@supabase/functions-js@2.116.0": {
      "integrity": "4c0ae3a9deda4c198c08f98a8975229244c9c6b3750aeb03993dc6db96ba7006"
    }
  },
  "workspace": {
    "packageJson": {
      "dependencies": [
        "npm:@playwright/test@^1.55.0"
      ]
    }
  }
}
